
Microsoft Visual Studio Solution File, Format Version 12.00
# Visual Studio Version 17
VisualStudioVersion = 17.7.34202.233
MinimumVisualStudioVersion = 10.0.40219.1
Project("{FAE04EC0-301F-11D3-BF4B-00C04F79EFBC}") = "Proyecto", "Proyecto\Proyecto.csproj", "{DB0CB8CC-97EF-440E-8AD8-10D33690CD33}"
EndProject
Global
	GlobalSection(SolutionConfigurationPlatforms) = preSolution
		Debug|Any CPU = Debug|Any CPU
		Release|Any CPU = Release|Any CPU
	EndGlobalSection
	GlobalSection(ProjectConfigurationPlatforms) = postSolution
		{DB0CB8CC-97EF-440E-8AD8-10D33690CD33}.Debug|Any CPU.ActiveCfg = Debug|Any CPU
		{DB0CB8CC-97EF-440E-8AD8-10D33690CD33}.Debug|Any CPU.Build.0 = Debug|Any CPU
		{DB0CB8CC-97EF-440E-8AD8-10D33690CD33}.Release|Any CPU.ActiveCfg = Release|Any CPU
		{DB0CB8CC-97EF-440E-8AD8-10D33690CD33}.Release|Any CPU.Build.0 = Release|Any CPU
	EndGlobalSection
	GlobalSection(SolutionProperties) = preSolution
		HideSolutionNode = FALSE
	EndGlobalSection
	GlobalSection(ExtensibilityGlobals) = postSolution
		SolutionGuid = {0A9372CE-9C08-4CE6-9BCD-4084ECACF434}
	EndGlobalSection
EndGlobal
