
Microsoft Visual Studio Solution File, Format Version 12.00
# Visual Studio Version 17
VisualStudioVersion = 17.7.34202.233
MinimumVisualStudioVersion = 10.0.40219.1
Project("{FAE04EC0-301F-11D3-BF4B-00C04F79EFBC}") = "pago", "pago\pago.csproj", "{8EDE4618-8645-42D4-8F7C-610B8FD3603A}"
EndProject
Global
	GlobalSection(SolutionConfigurationPlatforms) = preSolution
		Debug|Any CPU = Debug|Any CPU
		Release|Any CPU = Release|Any CPU
	EndGlobalSection
	GlobalSection(ProjectConfigurationPlatforms) = postSolution
		{8EDE4618-8645-42D4-8F7C-610B8FD3603A}.Debug|Any CPU.ActiveCfg = Debug|Any CPU
		{8EDE4618-8645-42D4-8F7C-610B8FD3603A}.Debug|Any CPU.Build.0 = Debug|Any CPU
		{8EDE4618-8645-42D4-8F7C-610B8FD3603A}.Release|Any CPU.ActiveCfg = Release|Any CPU
		{8EDE4618-8645-42D4-8F7C-610B8FD3603A}.Release|Any CPU.Build.0 = Release|Any CPU
	EndGlobalSection
	GlobalSection(SolutionProperties) = preSolution
		HideSolutionNode = FALSE
	EndGlobalSection
	GlobalSection(ExtensibilityGlobals) = postSolution
		SolutionGuid = {56732FB5-715A-4466-A821-F66AB1B62DE5}
	EndGlobalSection
EndGlobal
